
Microsoft Visual Studio Solution File, Format Version 12.00
# Visual Studio Version 16
VisualStudioVersion = 16.0.31019.35
MinimumVisualStudioVersion = 10.0.40219.1
Project("{9A19103F-16F7-4668-BE54-9A1E7A4F7556}") = "CustomFormExample", "CustomFormExample\CustomFormExample.csproj", "{1EC342FE-A132-4109-A197-FD36F9647221}"
EndProject
Project("{9A19103F-16F7-4668-BE54-9A1E7A4F7556}") = "CustomForm", "CustomForm\CustomForm.csproj", "{4024714C-DACD-4AE6-968B-35CC8EEF4565}"
EndProject
Global
	GlobalSection(SolutionConfigurationPlatforms) = preSolution
		Debug|Any CPU = Debug|Any CPU
		Release|Any CPU = Release|Any CPU
	EndGlobalSection
	GlobalSection(ProjectConfigurationPlatforms) = postSolution
		{1EC342FE-A132-4109-A197-FD36F9647221}.Debug|Any CPU.ActiveCfg = Debug|Any CPU
		{1EC342FE-A132-4109-A197-FD36F9647221}.Debug|Any CPU.Build.0 = Debug|Any CPU
		{1EC342FE-A132-4109-A197-FD36F9647221}.Release|Any CPU.ActiveCfg = Release|Any CPU
		{1EC342FE-A132-4109-A197-FD36F9647221}.Release|Any CPU.Build.0 = Release|Any CPU
		{4024714C-DACD-4AE6-968B-35CC8EEF4565}.Debug|Any CPU.ActiveCfg = Debug|Any CPU
		{4024714C-DACD-4AE6-968B-35CC8EEF4565}.Debug|Any CPU.Build.0 = Debug|Any CPU
		{4024714C-DACD-4AE6-968B-35CC8EEF4565}.Release|Any CPU.ActiveCfg = Release|Any CPU
		{4024714C-DACD-4AE6-968B-35CC8EEF4565}.Release|Any CPU.Build.0 = Release|Any CPU
	EndGlobalSection
	GlobalSection(SolutionProperties) = preSolution
		HideSolutionNode = FALSE
	EndGlobalSection
	GlobalSection(ExtensibilityGlobals) = postSolution
		SolutionGuid = {9573E0A1-D637-4994-895B-58E2F3E7C96C}
	EndGlobalSection
EndGlobal
